
Microsoft Visual Studio Solution File, Format Version 12.00
# Visual Studio 15
VisualStudioVersion = 15.0.27004.2009
MinimumVisualStudioVersion = 10.0.40219.1
Project("{FAE04EC0-301F-11D3-BF4B-00C04F79EFBC}") = "AussieBBUsage", "AussieBBUsage\AussieBBUsage.csproj", "{B3888DCF-974A-49C8-8F17-455F65CC74EA}"
EndProject
Global
	GlobalSection(SolutionConfigurationPlatforms) = preSolution
		Debug|Any CPU = Debug|Any CPU
		Release|Any CPU = Release|Any CPU
	EndGlobalSection
	GlobalSection(ProjectConfigurationPlatforms) = postSolution
		{B3888DCF-974A-49C8-8F17-455F65CC74EA}.Debug|Any CPU.ActiveCfg = Debug|Any CPU
		{B3888DCF-974A-49C8-8F17-455F65CC74EA}.Debug|Any CPU.Build.0 = Debug|Any CPU
		{B3888DCF-974A-49C8-8F17-455F65CC74EA}.Release|Any CPU.ActiveCfg = Release|Any CPU
		{B3888DCF-974A-49C8-8F17-455F65CC74EA}.Release|Any CPU.Build.0 = Release|Any CPU
	EndGlobalSection
	GlobalSection(SolutionProperties) = preSolution
		HideSolutionNode = FALSE
	EndGlobalSection
	GlobalSection(ExtensibilityGlobals) = postSolution
		SolutionGuid = {941FC44A-B888-4E8B-8B3A-D3544CFE7A0B}
	EndGlobalSection
EndGlobal
